
Microsoft Visual Studio Solution File, Format Version 12.00
# Visual Studio Version 17
VisualStudioVersion = 17.11.35219.272
MinimumVisualStudioVersion = 10.0.40219.1
Project("{FAE04EC0-301F-11D3-BF4B-00C04F79EFBC}") = "ClienteAPI", "ClienteAPI\ClienteAPI.csproj", "{46FEB63A-37D0-45D8-B245-8406E4775EE5}"
EndProject
Global
	GlobalSection(SolutionConfigurationPlatforms) = preSolution
		Debug|Any CPU = Debug|Any CPU
		Release|Any CPU = Release|Any CPU
	EndGlobalSection
	GlobalSection(ProjectConfigurationPlatforms) = postSolution
		{46FEB63A-37D0-45D8-B245-8406E4775EE5}.Debug|Any CPU.ActiveCfg = Debug|Any CPU
		{46FEB63A-37D0-45D8-B245-8406E4775EE5}.Debug|Any CPU.Build.0 = Debug|Any CPU
		{46FEB63A-37D0-45D8-B245-8406E4775EE5}.Release|Any CPU.ActiveCfg = Release|Any CPU
		{46FEB63A-37D0-45D8-B245-8406E4775EE5}.Release|Any CPU.Build.0 = Release|Any CPU
	EndGlobalSection
	GlobalSection(SolutionProperties) = preSolution
		HideSolutionNode = FALSE
	EndGlobalSection
	GlobalSection(ExtensibilityGlobals) = postSolution
		SolutionGuid = {DB88BAF7-23BB-474E-A765-8ADF54D0137F}
	EndGlobalSection
EndGlobal
